
Microsoft Visual Studio Solution File, Format Version 12.00
# Visual Studio Version 17
VisualStudioVersion = 17.3.32929.385
MinimumVisualStudioVersion = 10.0.40219.1
Project("{9A19103F-16F7-4668-BE54-9A1E7A4F7556}") = "FinalProjectWithRepositoryDesignPattern", "FinalProjectWithRepositoryDesignPattern\FinalProjectWithRepositoryDesignPattern.csproj", "{4B45E261-B508-496A-B1FC-1C6E92BD0C1A}"
EndProject
Global
	GlobalSection(SolutionConfigurationPlatforms) = preSolution
		Debug|Any CPU = Debug|Any CPU
		Release|Any CPU = Release|Any CPU
	EndGlobalSection
	GlobalSection(ProjectConfigurationPlatforms) = postSolution
		{4B45E261-B508-496A-B1FC-1C6E92BD0C1A}.Debug|Any CPU.ActiveCfg = Debug|Any CPU
		{4B45E261-B508-496A-B1FC-1C6E92BD0C1A}.Debug|Any CPU.Build.0 = Debug|Any CPU
		{4B45E261-B508-496A-B1FC-1C6E92BD0C1A}.Release|Any CPU.ActiveCfg = Release|Any CPU
		{4B45E261-B508-496A-B1FC-1C6E92BD0C1A}.Release|Any CPU.Build.0 = Release|Any CPU
	EndGlobalSection
	GlobalSection(SolutionProperties) = preSolution
		HideSolutionNode = FALSE
	EndGlobalSection
	GlobalSection(ExtensibilityGlobals) = postSolution
		SolutionGuid = {AB00F9FB-7834-4A8E-BDB0-838B2E2DC6B0}
	EndGlobalSection
EndGlobal
